
Microsoft Visual Studio Solution File, Format Version 12.00
# Visual Studio 15
VisualStudioVersion = 15.0.26430.12
MinimumVisualStudioVersion = 10.0.40219.1
Project("{FAE04EC0-301F-11D3-BF4B-00C04F79EFBC}") = "01 - Strategy", "01-Strategy\01 - Strategy.csproj", "{34ED3CDB-F3F8-45C6-9B41-C950E97A1F1D}"
EndProject
Project("{FAE04EC0-301F-11D3-BF4B-00C04F79EFBC}") = "02 - Observer", "02-Observer\02 - Observer.csproj", "{C2ABCD0A-7C3D-4885-94AE-CA4BA5941D25}"
EndProject
Project("{FAE04EC0-301F-11D3-BF4B-00C04F79EFBC}") = "03 - Decorator", "03-Decorator\03 - Decorator.csproj", "{6997613F-E819-4D81-B075-B2A29FFFC959}"
EndProject
Project("{FAE04EC0-301F-11D3-BF4B-00C04F79EFBC}") = "04 - Factory", "04-Factory\04 - Factory.csproj", "{C94AD492-3EA8-40E9-A018-3734A607E784}"
EndProject
Global
	GlobalSection(SolutionConfigurationPlatforms) = preSolution
		Debug|Any CPU = Debug|Any CPU
		Release|Any CPU = Release|Any CPU
	EndGlobalSection
	GlobalSection(ProjectConfigurationPlatforms) = postSolution
		{34ED3CDB-F3F8-45C6-9B41-C950E97A1F1D}.Debug|Any CPU.ActiveCfg = Debug|Any CPU
		{34ED3CDB-F3F8-45C6-9B41-C950E97A1F1D}.Debug|Any CPU.Build.0 = Debug|Any CPU
		{34ED3CDB-F3F8-45C6-9B41-C950E97A1F1D}.Release|Any CPU.ActiveCfg = Release|Any CPU
		{34ED3CDB-F3F8-45C6-9B41-C950E97A1F1D}.Release|Any CPU.Build.0 = Release|Any CPU
		{C2ABCD0A-7C3D-4885-94AE-CA4BA5941D25}.Debug|Any CPU.ActiveCfg = Debug|Any CPU
		{C2ABCD0A-7C3D-4885-94AE-CA4BA5941D25}.Debug|Any CPU.Build.0 = Debug|Any CPU
		{C2ABCD0A-7C3D-4885-94AE-CA4BA5941D25}.Release|Any CPU.ActiveCfg = Release|Any CPU
		{C2ABCD0A-7C3D-4885-94AE-CA4BA5941D25}.Release|Any CPU.Build.0 = Release|Any CPU
		{6997613F-E819-4D81-B075-B2A29FFFC959}.Debug|Any CPU.ActiveCfg = Debug|Any CPU
		{6997613F-E819-4D81-B075-B2A29FFFC959}.Debug|Any CPU.Build.0 = Debug|Any CPU
		{6997613F-E819-4D81-B075-B2A29FFFC959}.Release|Any CPU.ActiveCfg = Release|Any CPU
		{6997613F-E819-4D81-B075-B2A29FFFC959}.Release|Any CPU.Build.0 = Release|Any CPU
		{C94AD492-3EA8-40E9-A018-3734A607E784}.Debug|Any CPU.ActiveCfg = Debug|Any CPU
		{C94AD492-3EA8-40E9-A018-3734A607E784}.Debug|Any CPU.Build.0 = Debug|Any CPU
		{C94AD492-3EA8-40E9-A018-3734A607E784}.Release|Any CPU.ActiveCfg = Release|Any CPU
		{C94AD492-3EA8-40E9-A018-3734A607E784}.Release|Any CPU.Build.0 = Release|Any CPU
	EndGlobalSection
	GlobalSection(SolutionProperties) = preSolution
		HideSolutionNode = FALSE
	EndGlobalSection
EndGlobal
